
Microsoft Visual Studio Solution File, Format Version 12.00
# Visual Studio 15
VisualStudioVersion = 15.0.26124.0
MinimumVisualStudioVersion = 15.0.26124.0
Project("{2150E333-8FDC-42A3-9474-1A3956D46DE8}") = "src", "src", "{865BD50A-5FED-4E4B-A8E5-F3F4D6503F69}"
EndProject
Project("{2150E333-8FDC-42A3-9474-1A3956D46DE8}") = "Host", "Host", "{527FEA6C-5370-468C-97EC-3A86D0965117}"
EndProject
Project("{FAE04EC0-301F-11D3-BF4B-00C04F79EFBC}") = "Fleet.Api", "src\Host\Fleet.Api\Fleet.Api.csproj", "{D2A7E1B1-8F85-4E24-AB68-55DF79642B20}"
EndProject
Project("{2150E333-8FDC-42A3-9474-1A3956D46DE8}") = "Access", "Access", "{50CE18E3-7862-484E-AA3B-20903DC2479B}"
EndProject
Project("{2150E333-8FDC-42A3-9474-1A3956D46DE8}") = "Vehicle", "Vehicle", "{E89EA858-96CD-4236-9E10-B6C1CC9B15E7}"
EndProject
Project("{FAE04EC0-301F-11D3-BF4B-00C04F79EFBC}") = "Fleet.Access.Vehicle.Interface", "src\Access\Vehicle\Fleet.Access.Vehicle.Interface\Fleet.Access.Vehicle.Interface.csproj", "{BB1D751D-63F8-479C-A335-5A4E55B88BFD}"
EndProject
Project("{FAE04EC0-301F-11D3-BF4B-00C04F79EFBC}") = "Fleet.Access.Vehicle.Service", "src\Access\Vehicle\Fleet.Access.Vehicle.Service\Fleet.Access.Vehicle.Service.csproj", "{EE29C897-AB61-40F2-9D6B-73114831BA34}"
EndProject
Global
	GlobalSection(SolutionConfigurationPlatforms) = preSolution
		Debug|Any CPU = Debug|Any CPU
		Debug|x64 = Debug|x64
		Debug|x86 = Debug|x86
		Release|Any CPU = Release|Any CPU
		Release|x64 = Release|x64
		Release|x86 = Release|x86
	EndGlobalSection
	GlobalSection(SolutionProperties) = preSolution
		HideSolutionNode = FALSE
	EndGlobalSection
	GlobalSection(ProjectConfigurationPlatforms) = postSolution
		{D2A7E1B1-8F85-4E24-AB68-55DF79642B20}.Debug|Any CPU.ActiveCfg = Debug|Any CPU
		{D2A7E1B1-8F85-4E24-AB68-55DF79642B20}.Debug|Any CPU.Build.0 = Debug|Any CPU
		{D2A7E1B1-8F85-4E24-AB68-55DF79642B20}.Debug|x64.ActiveCfg = Debug|Any CPU
		{D2A7E1B1-8F85-4E24-AB68-55DF79642B20}.Debug|x64.Build.0 = Debug|Any CPU
		{D2A7E1B1-8F85-4E24-AB68-55DF79642B20}.Debug|x86.ActiveCfg = Debug|Any CPU
		{D2A7E1B1-8F85-4E24-AB68-55DF79642B20}.Debug|x86.Build.0 = Debug|Any CPU
		{D2A7E1B1-8F85-4E24-AB68-55DF79642B20}.Release|Any CPU.ActiveCfg = Release|Any CPU
		{D2A7E1B1-8F85-4E24-AB68-55DF79642B20}.Release|Any CPU.Build.0 = Release|Any CPU
		{D2A7E1B1-8F85-4E24-AB68-55DF79642B20}.Release|x64.ActiveCfg = Release|Any CPU
		{D2A7E1B1-8F85-4E24-AB68-55DF79642B20}.Release|x64.Build.0 = Release|Any CPU
		{D2A7E1B1-8F85-4E24-AB68-55DF79642B20}.Release|x86.ActiveCfg = Release|Any CPU
		{D2A7E1B1-8F85-4E24-AB68-55DF79642B20}.Release|x86.Build.0 = Release|Any CPU
		{BB1D751D-63F8-479C-A335-5A4E55B88BFD}.Debug|Any CPU.ActiveCfg = Debug|Any CPU
		{BB1D751D-63F8-479C-A335-5A4E55B88BFD}.Debug|Any CPU.Build.0 = Debug|Any CPU
		{BB1D751D-63F8-479C-A335-5A4E55B88BFD}.Debug|x64.ActiveCfg = Debug|Any CPU
		{BB1D751D-63F8-479C-A335-5A4E55B88BFD}.Debug|x64.Build.0 = Debug|Any CPU
		{BB1D751D-63F8-479C-A335-5A4E55B88BFD}.Debug|x86.ActiveCfg = Debug|Any CPU
		{BB1D751D-63F8-479C-A335-5A4E55B88BFD}.Debug|x86.Build.0 = Debug|Any CPU
		{BB1D751D-63F8-479C-A335-5A4E55B88BFD}.Release|Any CPU.ActiveCfg = Release|Any CPU
		{BB1D751D-63F8-479C-A335-5A4E55B88BFD}.Release|Any CPU.Build.0 = Release|Any CPU
		{BB1D751D-63F8-479C-A335-5A4E55B88BFD}.Release|x64.ActiveCfg = Release|Any CPU
		{BB1D751D-63F8-479C-A335-5A4E55B88BFD}.Release|x64.Build.0 = Release|Any CPU
		{BB1D751D-63F8-479C-A335-5A4E55B88BFD}.Release|x86.ActiveCfg = Release|Any CPU
		{BB1D751D-63F8-479C-A335-5A4E55B88BFD}.Release|x86.Build.0 = Release|Any CPU
		{EE29C897-AB61-40F2-9D6B-73114831BA34}.Debug|Any CPU.ActiveCfg = Debug|Any CPU
		{EE29C897-AB61-40F2-9D6B-73114831BA34}.Debug|Any CPU.Build.0 = Debug|Any CPU
		{EE29C897-AB61-40F2-9D6B-73114831BA34}.Debug|x64.ActiveCfg = Debug|Any CPU
		{EE29C897-AB61-40F2-9D6B-73114831BA34}.Debug|x64.Build.0 = Debug|Any CPU
		{EE29C897-AB61-40F2-9D6B-73114831BA34}.Debug|x86.ActiveCfg = Debug|Any CPU
		{EE29C897-AB61-40F2-9D6B-73114831BA34}.Debug|x86.Build.0 = Debug|Any CPU
		{EE29C897-AB61-40F2-9D6B-73114831BA34}.Release|Any CPU.ActiveCfg = Release|Any CPU
		{EE29C897-AB61-40F2-9D6B-73114831BA34}.Release|Any CPU.Build.0 = Release|Any CPU
		{EE29C897-AB61-40F2-9D6B-73114831BA34}.Release|x64.ActiveCfg = Release|Any CPU
		{EE29C897-AB61-40F2-9D6B-73114831BA34}.Release|x64.Build.0 = Release|Any CPU
		{EE29C897-AB61-40F2-9D6B-73114831BA34}.Release|x86.ActiveCfg = Release|Any CPU
		{EE29C897-AB61-40F2-9D6B-73114831BA34}.Release|x86.Build.0 = Release|Any CPU
	EndGlobalSection
	GlobalSection(NestedProjects) = preSolution
		{527FEA6C-5370-468C-97EC-3A86D0965117} = {865BD50A-5FED-4E4B-A8E5-F3F4D6503F69}
		{D2A7E1B1-8F85-4E24-AB68-55DF79642B20} = {527FEA6C-5370-468C-97EC-3A86D0965117}
		{50CE18E3-7862-484E-AA3B-20903DC2479B} = {865BD50A-5FED-4E4B-A8E5-F3F4D6503F69}
		{E89EA858-96CD-4236-9E10-B6C1CC9B15E7} = {50CE18E3-7862-484E-AA3B-20903DC2479B}
		{BB1D751D-63F8-479C-A335-5A4E55B88BFD} = {E89EA858-96CD-4236-9E10-B6C1CC9B15E7}
		{EE29C897-AB61-40F2-9D6B-73114831BA34} = {E89EA858-96CD-4236-9E10-B6C1CC9B15E7}
	EndGlobalSection
EndGlobal
